
Microsoft Visual Studio Solution File, Format Version 12.00
# Visual Studio Version 17
VisualStudioVersion = 17.12.35527.113
MinimumVisualStudioVersion = 10.0.40219.1
Project("{FAE04EC0-301F-11D3-BF4B-00C04F79EFBC}") = "DigitalProduction.CommandLine", "Library\DigitalProduction.CommandLine.csproj", "{1A873C95-ECD7-40AD-A752-BE0F105B3E6D}"
EndProject
Project("{FAE04EC0-301F-11D3-BF4B-00C04F79EFBC}") = "UnitTests", "Unit Tests\UnitTests.csproj", "{E32F971C-B904-4A6E-AEE4-046D5F816B34}"
EndProject
Project("{FAE04EC0-301F-11D3-BF4B-00C04F79EFBC}") = "DigitalProduction.Demo", "Demo\DigitalProduction.Demo.csproj", "{95E1139B-EA9D-4210-95AF-C69572DF06DE}"
EndProject
Global
	GlobalSection(SolutionConfigurationPlatforms) = preSolution
		Debug|Any CPU = Debug|Any CPU
		Release|Any CPU = Release|Any CPU
	EndGlobalSection
	GlobalSection(ProjectConfigurationPlatforms) = postSolution
		{1A873C95-ECD7-40AD-A752-BE0F105B3E6D}.Debug|Any CPU.ActiveCfg = Debug|Any CPU
		{1A873C95-ECD7-40AD-A752-BE0F105B3E6D}.Debug|Any CPU.Build.0 = Debug|Any CPU
		{1A873C95-ECD7-40AD-A752-BE0F105B3E6D}.Release|Any CPU.ActiveCfg = Release|Any CPU
		{1A873C95-ECD7-40AD-A752-BE0F105B3E6D}.Release|Any CPU.Build.0 = Release|Any CPU
		{E32F971C-B904-4A6E-AEE4-046D5F816B34}.Debug|Any CPU.ActiveCfg = Debug|Any CPU
		{E32F971C-B904-4A6E-AEE4-046D5F816B34}.Debug|Any CPU.Build.0 = Debug|Any CPU
		{E32F971C-B904-4A6E-AEE4-046D5F816B34}.Release|Any CPU.ActiveCfg = Release|Any CPU
		{E32F971C-B904-4A6E-AEE4-046D5F816B34}.Release|Any CPU.Build.0 = Release|Any CPU
		{95E1139B-EA9D-4210-95AF-C69572DF06DE}.Debug|Any CPU.ActiveCfg = Debug|Any CPU
		{95E1139B-EA9D-4210-95AF-C69572DF06DE}.Debug|Any CPU.Build.0 = Debug|Any CPU
		{95E1139B-EA9D-4210-95AF-C69572DF06DE}.Release|Any CPU.ActiveCfg = Release|Any CPU
		{95E1139B-EA9D-4210-95AF-C69572DF06DE}.Release|Any CPU.Build.0 = Release|Any CPU
	EndGlobalSection
	GlobalSection(SolutionProperties) = preSolution
		HideSolutionNode = FALSE
	EndGlobalSection
EndGlobal
